
Microsoft Visual Studio Solution File, Format Version 12.00
# Visual Studio Version 16
VisualStudioVersion = 16.0.29020.237
MinimumVisualStudioVersion = 10.0.40219.1
Project("{9A19103F-16F7-4668-BE54-9A1E7A4F7556}") = "Webservice", "Webservice\Webservice.csproj", "{F3BE64E7-4160-4A77-BE94-5ADBC1E913ED}"
EndProject
Project("{FAE04EC0-301F-11D3-BF4B-00C04F79EFBC}") = "BusinessLibrary", "BusinessLibrary\BusinessLibrary.csproj", "{7D9F09DD-1008-4C74-9C38-0D0D1503EF95}"
EndProject
Project("{FAE04EC0-301F-11D3-BF4B-00C04F79EFBC}") = "DatabaseLibrary", "DatabaseLibrary\DatabaseLibrary.csproj", "{00ABAD60-9F10-4D50-8524-B5B5D97EA910}"
EndProject
Global
	GlobalSection(SolutionConfigurationPlatforms) = preSolution
		Debug|Any CPU = Debug|Any CPU
		Release|Any CPU = Release|Any CPU
	EndGlobalSection
	GlobalSection(ProjectConfigurationPlatforms) = postSolution
		{F3BE64E7-4160-4A77-BE94-5ADBC1E913ED}.Debug|Any CPU.ActiveCfg = Debug|Any CPU
		{F3BE64E7-4160-4A77-BE94-5ADBC1E913ED}.Debug|Any CPU.Build.0 = Debug|Any CPU
		{F3BE64E7-4160-4A77-BE94-5ADBC1E913ED}.Release|Any CPU.ActiveCfg = Release|Any CPU
		{F3BE64E7-4160-4A77-BE94-5ADBC1E913ED}.Release|Any CPU.Build.0 = Release|Any CPU
		{7D9F09DD-1008-4C74-9C38-0D0D1503EF95}.Debug|Any CPU.ActiveCfg = Debug|Any CPU
		{7D9F09DD-1008-4C74-9C38-0D0D1503EF95}.Debug|Any CPU.Build.0 = Debug|Any CPU
		{7D9F09DD-1008-4C74-9C38-0D0D1503EF95}.Release|Any CPU.ActiveCfg = Release|Any CPU
		{7D9F09DD-1008-4C74-9C38-0D0D1503EF95}.Release|Any CPU.Build.0 = Release|Any CPU
		{00ABAD60-9F10-4D50-8524-B5B5D97EA910}.Debug|Any CPU.ActiveCfg = Debug|Any CPU
		{00ABAD60-9F10-4D50-8524-B5B5D97EA910}.Debug|Any CPU.Build.0 = Debug|Any CPU
		{00ABAD60-9F10-4D50-8524-B5B5D97EA910}.Release|Any CPU.ActiveCfg = Release|Any CPU
		{00ABAD60-9F10-4D50-8524-B5B5D97EA910}.Release|Any CPU.Build.0 = Release|Any CPU
	EndGlobalSection
	GlobalSection(SolutionProperties) = preSolution
		HideSolutionNode = FALSE
	EndGlobalSection
	GlobalSection(ExtensibilityGlobals) = postSolution
		SolutionGuid = {20646C1D-418C-4168-8835-F396F87AA8C0}
	EndGlobalSection
EndGlobal
